// !$*UTF8*$!
{
	archiveVersion = 1;
	classes = {
	};
	objectVersion = 56;
	objects = {

/* Begin PBXBuildFile section */
		6511B1FD2A06749600D00FA0 /* WithoutSwiftProductDependenciesApp.swift in Sources */ = {isa = PBXBuildFile; fileRef = 6511B1FC2A06749600D00FA0 /* WithoutSwiftProductDependenciesApp.swift */; };
		6511B1FF2A06749600D00FA0 /* ContentView.swift in Sources */ = {isa = PBXBuildFile; fileRef = 6511B1FE2A06749600D00FA0 /* ContentView.swift */; };
		6511B2012A06749800D00FA0 /* Assets.xcassets in Resources */ = {isa = PBXBuildFile; fileRef = 6511B2002A06749800D00FA0 /* Assets.xcassets */; };
		6511B2042A06749800D00FA0 /* Preview Assets.xcassets in Resources */ = {isa = PBXBuildFile; fileRef = 6511B2032A06749800D00FA0 /* Preview Assets.xcassets */; };
		6511B2102A0674AE00D00FA0 /* WithSwiftProductDependenciesApp.swift in Sources */ = {isa = PBXBuildFile; fileRef = 6511B20F2A0674AE00D00FA0 /* WithSwiftProductDependenciesApp.swift */; };
		6511B2122A0674AE00D00FA0 /* ContentView.swift in Sources */ = {isa = PBXBuildFile; fileRef = 6511B2112A0674AE00D00FA0 /* ContentView.swift */; };
		6511B2142A0674AF00D00FA0 /* Assets.xcassets in Resources */ = {isa = PBXBuildFile; fileRef = 6511B2132A0674AF00D00FA0 /* Assets.xcassets */; };
		6511B2172A0674AF00D00FA0 /* Preview Assets.xcassets in Resources */ = {isa = PBXBuildFile; fileRef = 6511B2162A0674AF00D00FA0 /* Preview Assets.xcassets */; };
		6511B21E2A0675D500D00FA0 /* NIO in Frameworks */ = {isa = PBXBuildFile; productRef = 6511B21D2A0675D500D00FA0 /* NIO */; };
		6511B2212A0675FB00D00FA0 /* ArgumentParser in Frameworks */ = {isa = PBXBuildFile; productRef = 6511B2202A0675FB00D00FA0 /* ArgumentParser */; };
/* End PBXBuildFile section */

/* Begin PBXFileReference section */
		6511B1F92A06749600D00FA0 /* WithoutSwiftProductDependencies.app */ = {isa = PBXFileReference; explicitFileType = wrapper.application; includeInIndex = 0; path = WithoutSwiftProductDependencies.app; sourceTree = BUILT_PRODUCTS_DIR; };
		6511B1FC2A06749600D00FA0 /* WithoutSwiftProductDependenciesApp.swift */ = {isa = PBXFileReference; lastKnownFileType = sourcecode.swift; path = WithoutSwiftProductDependenciesApp.swift; sourceTree = "<group>"; };
		6511B1FE2A06749600D00FA0 /* ContentView.swift */ = {isa = PBXFileReference; lastKnownFileType = sourcecode.swift; path = ContentView.swift; sourceTree = "<group>"; };
		6511B2002A06749800D00FA0 /* Assets.xcassets */ = {isa = PBXFileReference; lastKnownFileType = folder.assetcatalog; path = Assets.xcassets; sourceTree = "<group>"; };
		6511B2032A06749800D00FA0 /* Preview Assets.xcassets */ = {isa = PBXFileReference; lastKnownFileType = folder.assetcatalog; path = "Preview Assets.xcassets"; sourceTree = "<group>"; };
		6511B2052A06749800D00FA0 /* WithoutSwiftProductDependencies.entitlements */ = {isa = PBXFileReference; lastKnownFileType = text.plist.entitlements; path = WithoutSwiftProductDependencies.entitlements; sourceTree = "<group>"; };
		6511B20D2A0674AE00D00FA0 /* WithSwiftProductDependencies.app */ = {isa = PBXFileReference; explicitFileType = wrapper.application; includeInIndex = 0; path = WithSwiftProductDependencies.app; sourceTree = BUILT_PRODUCTS_DIR; };
		6511B20F2A0674AE00D00FA0 /* WithSwiftProductDependenciesApp.swift */ = {isa = PBXFileReference; lastKnownFileType = sourcecode.swift; path = WithSwiftProductDependenciesApp.swift; sourceTree = "<group>"; };
		6511B2112A0674AE00D00FA0 /* ContentView.swift */ = {isa = PBXFileReference; lastKnownFileType = sourcecode.swift; path = ContentView.swift; sourceTree = "<group>"; };
		6511B2132A0674AF00D00FA0 /* Assets.xcassets */ = {isa = PBXFileReference; lastKnownFileType = folder.assetcatalog; path = Assets.xcassets; sourceTree = "<group>"; };
		6511B2162A0674AF00D00FA0 /* Preview Assets.xcassets */ = {isa = PBXFileReference; lastKnownFileType = folder.assetcatalog; path = "Preview Assets.xcassets"; sourceTree = "<group>"; };
		6511B2182A0674AF00D00FA0 /* WithSwiftProductDependencies.entitlements */ = {isa = PBXFileReference; lastKnownFileType = text.plist.entitlements; path = WithSwiftProductDependencies.entitlements; sourceTree = "<group>"; };
/* End PBXFileReference section */

/* Begin PBXFrameworksBuildPhase section */
		6511B1F62A06749600D00FA0 /* Frameworks */ = {
			isa = PBXFrameworksBuildPhase;
			buildActionMask = 2147483647;
			files = (
			);
			runOnlyForDeploymentPostprocessing = 0;
		};
		6511B20A2A0674AE00D00FA0 /* Frameworks */ = {
			isa = PBXFrameworksBuildPhase;
			buildActionMask = 2147483647;
			files = (
				6511B2212A0675FB00D00FA0 /* ArgumentParser in Frameworks */,
				6511B21E2A0675D500D00FA0 /* NIO in Frameworks */,
			);
			runOnlyForDeploymentPostprocessing = 0;
		};
/* End PBXFrameworksBuildPhase section */

/* Begin PBXGroup section */
		6511B1EE2A06740700D00FA0 = {
			isa = PBXGroup;
			children = (
				6511B1FB2A06749600D00FA0 /* WithoutSwiftProductDependencies */,
				6511B20E2A0674AE00D00FA0 /* WithSwiftProductDependencies */,
				6511B1FA2A06749600D00FA0 /* Products */,
			);
			sourceTree = "<group>";
		};
		6511B1FA2A06749600D00FA0 /* Products */ = {
			isa = PBXGroup;
			children = (
				6511B1F92A06749600D00FA0 /* WithoutSwiftProductDependencies.app */,
				6511B20D2A0674AE00D00FA0 /* WithSwiftProductDependencies.app */,
			);
			name = Products;
			sourceTree = "<group>";
		};
		6511B1FB2A06749600D00FA0 /* WithoutSwiftProductDependencies */ = {
			isa = PBXGroup;
			children = (
				6511B1FC2A06749600D00FA0 /* WithoutSwiftProductDependenciesApp.swift */,
				6511B1FE2A06749600D00FA0 /* ContentView.swift */,
				6511B2002A06749800D00FA0 /* Assets.xcassets */,
				6511B2052A06749800D00FA0 /* WithoutSwiftProductDependencies.entitlements */,
				6511B2022A06749800D00FA0 /* Preview Content */,
			);
			path = WithoutSwiftProductDependencies;
			sourceTree = "<group>";
		};
		6511B2022A06749800D00FA0 /* Preview Content */ = {
			isa = PBXGroup;
			children = (
				6511B2032A06749800D00FA0 /* Preview Assets.xcassets */,
			);
			path = "Preview Content";
			sourceTree = "<group>";
		};
		6511B20E2A0674AE00D00FA0 /* WithSwiftProductDependencies */ = {
			isa = PBXGroup;
			children = (
				6511B20F2A0674AE00D00FA0 /* WithSwiftProductDependenciesApp.swift */,
				6511B2112A0674AE00D00FA0 /* ContentView.swift */,
				6511B2132A0674AF00D00FA0 /* Assets.xcassets */,
				6511B2182A0674AF00D00FA0 /* WithSwiftProductDependencies.entitlements */,
				6511B2152A0674AF00D00FA0 /* Preview Content */,
			);
			path = WithSwiftProductDependencies;
			sourceTree = "<group>";
		};
		6511B2152A0674AF00D00FA0 /* Preview Content */ = {
			isa = PBXGroup;
			children = (
				6511B2162A0674AF00D00FA0 /* Preview Assets.xcassets */,
			);
			path = "Preview Content";
			sourceTree = "<group>";
		};
/* End PBXGroup section */

/* Begin PBXNativeTarget section */
		6511B1F82A06749600D00FA0 /* WithoutSwiftProductDependencies */ = {
			isa = PBXNativeTarget;
			buildConfigurationList = 6511B2082A06749800D00FA0 /* Build configuration list for PBXNativeTarget "WithoutSwiftProductDependencies" */;
			buildPhases = (
				6511B1F52A06749600D00FA0 /* Sources */,
				6511B1F62A06749600D00FA0 /* Frameworks */,
				6511B1F72A06749600D00FA0 /* Resources */,
			);
			buildRules = (
			);
			dependencies = (
			);
			name = WithoutSwiftProductDependencies;
			productName = WithoutSwiftProductDependencies;
			productReference = 6511B1F92A06749600D00FA0 /* WithoutSwiftProductDependencies.app */;
			productType = "com.apple.product-type.application";
		};
		6511B20C2A0674AE00D00FA0 /* WithSwiftProductDependencies */ = {
			isa = PBXNativeTarget;
			buildConfigurationList = 6511B2192A0674AF00D00FA0 /* Build configuration list for PBXNativeTarget "WithSwiftProductDependencies" */;
			buildPhases = (
				6511B2092A0674AE00D00FA0 /* Sources */,
				6511B20A2A0674AE00D00FA0 /* Frameworks */,
				6511B20B2A0674AE00D00FA0 /* Resources */,
			);
			buildRules = (
			);
			dependencies = (
			);
			name = WithSwiftProductDependencies;
			packageProductDependencies = (
				6511B21D2A0675D500D00FA0 /* NIO */,
				6511B2202A0675FB00D00FA0 /* ArgumentParser */,
			);
			productName = WithSwiftProductDependencies;
			productReference = 6511B20D2A0674AE00D00FA0 /* WithSwiftProductDependencies.app */;
			productType = "com.apple.product-type.application";
		};
/* End PBXNativeTarget section */

/* Begin PBXProject section */
		6511B1EF2A06740700D00FA0 /* Project object */ = {
			isa = PBXProject;
			attributes = {
				BuildIndependentTargetsInParallel = 1;
				LastSwiftUpdateCheck = 1420;
				LastUpgradeCheck = 1420;
				TargetAttributes = {
					6511B1F82A06749600D00FA0 = {
						CreatedOnToolsVersion = 14.2;
					};
					6511B20C2A0674AE00D00FA0 = {
						CreatedOnToolsVersion = 14.2;
					};
				};
			};
			buildConfigurationList = 6511B1F22A06740700D00FA0 /* Build configuration list for PBXProject "SwiftPackageProductDependencies" */;
			compatibilityVersion = "Xcode 14.0";
			developmentRegion = en;
			hasScannedForEncodings = 0;
			knownRegions = (
				en,
				Base,
			);
			mainGroup = 6511B1EE2A06740700D00FA0;
			packageReferences = (
				6511B21C2A0675D500D00FA0 /* XCRemoteSwiftPackageReference "swift-nio" */,
				6511B21F2A0675FB00D00FA0 /* XCRemoteSwiftPackageReference "swift-argument-parser" */,
			);
			productRefGroup = 6511B1FA2A06749600D00FA0 /* Products */;
			projectDirPath = "";
			projectRoot = "";
			targets = (
				6511B1F82A06749600D00FA0 /* WithoutSwiftProductDependencies */,
				6511B20C2A0674AE00D00FA0 /* WithSwiftProductDependencies */,
			);
		};
/* End PBXProject section */

/* Begin PBXResourcesBuildPhase section */
		6511B1F72A06749600D00FA0 /* Resources */ = {
			isa = PBXResourcesBuildPhase;
			buildActionMask = 2147483647;
			files = (
				6511B2042A06749800D00FA0 /* Preview Assets.xcassets in Resources */,
				6511B2012A06749800D00FA0 /* Assets.xcassets in Resources */,
			);
			runOnlyForDeploymentPostprocessing = 0;
		};
		6511B20B2A0674AE00D00FA0 /* Resources */ = {
			isa = PBXResourcesBuildPhase;
			buildActionMask = 2147483647;
			files = (
				6511B2172A0674AF00D00FA0 /* Preview Assets.xcassets in Resources */,
				6511B2142A0674AF00D00FA0 /* Assets.xcassets in Resources */,
			);
			runOnlyForDeploymentPostprocessing = 0;
		};
/* End PBXResourcesBuildPhase section */

/* Begin PBXSourcesBuildPhase section */
		6511B1F52A06749600D00FA0 /* Sources */ = {
			isa = PBXSourcesBuildPhase;
			buildActionMask = 2147483647;
			files = (
				6511B1FF2A06749600D00FA0 /* ContentView.swift in Sources */,
				6511B1FD2A06749600D00FA0 /* WithoutSwiftProductDependenciesApp.swift in Sources */,
			);
			runOnlyForDeploymentPostprocessing = 0;
		};
		6511B2092A0674AE00D00FA0 /* Sources */ = {
			isa = PBXSourcesBuildPhase;
			buildActionMask = 2147483647;
			files = (
				6511B2122A0674AE00D00FA0 /* ContentView.swift in Sources */,
				6511B2102A0674AE00D00FA0 /* WithSwiftProductDependenciesApp.swift in Sources */,
			);
			runOnlyForDeploymentPostprocessing = 0;
		};
/* End PBXSourcesBuildPhase section */

/* Begin XCBuildConfiguration section */
		6511B1F32A06740700D00FA0 /* Debug */ = {
			isa = XCBuildConfiguration;
			buildSettings = {
			};
			name = Debug;
		};
		6511B1F42A06740700D00FA0 /* Release */ = {
			isa = XCBuildConfiguration;
			buildSettings = {
			};
			name = Release;
		};
		6511B2062A06749800D00FA0 /* Debug */ = {
			isa = XCBuildConfiguration;
			buildSettings = {
				ALWAYS_SEARCH_USER_PATHS = NO;
				ASSETCATALOG_COMPILER_APPICON_NAME = AppIcon;
				ASSETCATALOG_COMPILER_GLOBAL_ACCENT_COLOR_NAME = AccentColor;
				CLANG_ANALYZER_NONNULL = YES;
				CLANG_ANALYZER_NUMBER_OBJECT_CONVERSION = YES_AGGRESSIVE;
				CLANG_CXX_LANGUAGE_STANDARD = "gnu++20";
				CLANG_ENABLE_MODULES = YES;
				CLANG_ENABLE_OBJC_ARC = YES;
				CLANG_ENABLE_OBJC_WEAK = YES;
				CLANG_WARN_BLOCK_CAPTURE_AUTORELEASING = YES;
				CLANG_WARN_BOOL_CONVERSION = YES;
				CLANG_WARN_COMMA = YES;
				CLANG_WARN_CONSTANT_CONVERSION = YES;
				CLANG_WARN_DEPRECATED_OBJC_IMPLEMENTATIONS = YES;
				CLANG_WARN_DIRECT_OBJC_ISA_USAGE = YES_ERROR;
				CLANG_WARN_DOCUMENTATION_COMMENTS = YES;
				CLANG_WARN_EMPTY_BODY = YES;
				CLANG_WARN_ENUM_CONVERSION = YES;
				CLANG_WARN_INFINITE_RECURSION = YES;
				CLANG_WARN_INT_CONVERSION = YES;
				CLANG_WARN_NON_LITERAL_NULL_CONVERSION = YES;
				CLANG_WARN_OBJC_IMPLICIT_RETAIN_SELF = YES;
				CLANG_WARN_OBJC_LITERAL_CONVERSION = YES;
				CLANG_WARN_OBJC_ROOT_CLASS = YES_ERROR;
				CLANG_WARN_QUOTED_INCLUDE_IN_FRAMEWORK_HEADER = YES;
				CLANG_WARN_RANGE_LOOP_ANALYSIS = YES;
				CLANG_WARN_STRICT_PROTOTYPES = YES;
				CLANG_WARN_SUSPICIOUS_MOVE = YES;
				CLANG_WARN_UNGUARDED_AVAILABILITY = YES_AGGRESSIVE;
				CLANG_WARN_UNREACHABLE_CODE = YES;
				CLANG_WARN__DUPLICATE_METHOD_MATCH = YES;
				CODE_SIGN_ENTITLEMENTS = WithoutSwiftProductDependencies/WithoutSwiftProductDependencies.entitlements;
				CODE_SIGN_STYLE = Automatic;
				COMBINE_HIDPI_IMAGES = YES;
				COPY_PHASE_STRIP = NO;
				CURRENT_PROJECT_VERSION = 1;
				DEBUG_INFORMATION_FORMAT = dwarf;
				DEVELOPMENT_ASSET_PATHS = "\"WithoutSwiftProductDependencies/Preview Content\"";
				ENABLE_PREVIEWS = YES;
				ENABLE_STRICT_OBJC_MSGSEND = YES;
				ENABLE_TESTABILITY = YES;
				GCC_C_LANGUAGE_STANDARD = gnu11;
				GCC_DYNAMIC_NO_PIC = NO;
				GCC_NO_COMMON_BLOCKS = YES;
				GCC_OPTIMIZATION_LEVEL = 0;
				GCC_PREPROCESSOR_DEFINITIONS = (
					"DEBUG=1",
					"$(inherited)",
				);
				GCC_WARN_64_TO_32_BIT_CONVERSION = YES;
				GCC_WARN_ABOUT_RETURN_TYPE = YES_ERROR;
				GCC_WARN_UNDECLARED_SELECTOR = YES;
				GCC_WARN_UNINITIALIZED_AUTOS = YES_AGGRESSIVE;
				GCC_WARN_UNUSED_FUNCTION = YES;
				GCC_WARN_UNUSED_VARIABLE = YES;
				GENERATE_INFOPLIST_FILE = YES;
				INFOPLIST_KEY_NSHumanReadableCopyright = "";
				LD_RUNPATH_SEARCH_PATHS = (
					"$(inherited)",
					"@executable_path/../Frameworks",
				);
				MACOSX_DEPLOYMENT_TARGET = 12.5;
				MARKETING_VERSION = 1.0;
				MTL_ENABLE_DEBUG_INFO = INCLUDE_SOURCE;
				MTL_FAST_MATH = YES;
				ONLY_ACTIVE_ARCH = YES;
				PRODUCT_BUNDLE_IDENTIFIER = dev.nokee.samples.xcode.WithoutSwiftProductDependencies;
				PRODUCT_NAME = "$(TARGET_NAME)";
				SDKROOT = macosx;
				SWIFT_ACTIVE_COMPILATION_CONDITIONS = DEBUG;
				SWIFT_EMIT_LOC_STRINGS = YES;
				SWIFT_OPTIMIZATION_LEVEL = "-Onone";
				SWIFT_VERSION = 5.0;
			};
			name = Debug;
		};
		6511B2072A06749800D00FA0 /* Release */ = {
			isa = XCBuildConfiguration;
			buildSettings = {
				ALWAYS_SEARCH_USER_PATHS = NO;
				ASSETCATALOG_COMPILER_APPICON_NAME = AppIcon;
				ASSETCATALOG_COMPILER_GLOBAL_ACCENT_COLOR_NAME = AccentColor;
				CLANG_ANALYZER_NONNULL = YES;
				CLANG_ANALYZER_NUMBER_OBJECT_CONVERSION = YES_AGGRESSIVE;
				CLANG_CXX_LANGUAGE_STANDARD = "gnu++20";
				CLANG_ENABLE_MODULES = YES;
				CLANG_ENABLE_OBJC_ARC = YES;
				CLANG_ENABLE_OBJC_WEAK = YES;
				CLANG_WARN_BLOCK_CAPTURE_AUTORELEASING = YES;
				CLANG_WARN_BOOL_CONVERSION = YES;
				CLANG_WARN_COMMA = YES;
				CLANG_WARN_CONSTANT_CONVERSION = YES;
				CLANG_WARN_DEPRECATED_OBJC_IMPLEMENTATIONS = YES;
				CLANG_WARN_DIRECT_OBJC_ISA_USAGE = YES_ERROR;
				CLANG_WARN_DOCUMENTATION_COMMENTS = YES;
				CLANG_WARN_EMPTY_BODY = YES;
				CLANG_WARN_ENUM_CONVERSION = YES;
				CLANG_WARN_INFINITE_RECURSION = YES;
				CLANG_WARN_INT_CONVERSION = YES;
				CLANG_WARN_NON_LITERAL_NULL_CONVERSION = YES;
				CLANG_WARN_OBJC_IMPLICIT_RETAIN_SELF = YES;
				CLANG_WARN_OBJC_LITERAL_CONVERSION = YES;
				CLANG_WARN_OBJC_ROOT_CLASS = YES_ERROR;
				CLANG_WARN_QUOTED_INCLUDE_IN_FRAMEWORK_HEADER = YES;
				CLANG_WARN_RANGE_LOOP_ANALYSIS = YES;
				CLANG_WARN_STRICT_PROTOTYPES = YES;
				CLANG_WARN_SUSPICIOUS_MOVE = YES;
				CLANG_WARN_UNGUARDED_AVAILABILITY = YES_AGGRESSIVE;
				CLANG_WARN_UNREACHABLE_CODE = YES;
				CLANG_WARN__DUPLICATE_METHOD_MATCH = YES;
				CODE_SIGN_ENTITLEMENTS = WithoutSwiftProductDependencies/WithoutSwiftProductDependencies.entitlements;
				CODE_SIGN_STYLE = Automatic;
				COMBINE_HIDPI_IMAGES = YES;
				COPY_PHASE_STRIP = NO;
				CURRENT_PROJECT_VERSION = 1;
				DEBUG_INFORMATION_FORMAT = "dwarf-with-dsym";
				DEVELOPMENT_ASSET_PATHS = "\"WithoutSwiftProductDependencies/Preview Content\"";
				ENABLE_NS_ASSERTIONS = NO;
				ENABLE_PREVIEWS = YES;
				ENABLE_STRICT_OBJC_MSGSEND = YES;
				GCC_C_LANGUAGE_STANDARD = gnu11;
				GCC_NO_COMMON_BLOCKS = YES;
				GCC_WARN_64_TO_32_BIT_CONVERSION = YES;
				GCC_WARN_ABOUT_RETURN_TYPE = YES_ERROR;
				GCC_WARN_UNDECLARED_SELECTOR = YES;
				GCC_WARN_UNINITIALIZED_AUTOS = YES_AGGRESSIVE;
				GCC_WARN_UNUSED_FUNCTION = YES;
				GCC_WARN_UNUSED_VARIABLE = YES;
				GENERATE_INFOPLIST_FILE = YES;
				INFOPLIST_KEY_NSHumanReadableCopyright = "";
				LD_RUNPATH_SEARCH_PATHS = (
					"$(inherited)",
					"@executable_path/../Frameworks",
				);
				MACOSX_DEPLOYMENT_TARGET = 12.5;
				MARKETING_VERSION = 1.0;
				MTL_ENABLE_DEBUG_INFO = NO;
				MTL_FAST_MATH = YES;
				PRODUCT_BUNDLE_IDENTIFIER = dev.nokee.samples.xcode.WithoutSwiftProductDependencies;
				PRODUCT_NAME = "$(TARGET_NAME)";
				SDKROOT = macosx;
				SWIFT_COMPILATION_MODE = wholemodule;
				SWIFT_EMIT_LOC_STRINGS = YES;
				SWIFT_OPTIMIZATION_LEVEL = "-O";
				SWIFT_VERSION = 5.0;
			};
			name = Release;
		};
		6511B21A2A0674AF00D00FA0 /* Debug */ = {
			isa = XCBuildConfiguration;
			buildSettings = {
				ALWAYS_SEARCH_USER_PATHS = NO;
				ASSETCATALOG_COMPILER_APPICON_NAME = AppIcon;
				ASSETCATALOG_COMPILER_GLOBAL_ACCENT_COLOR_NAME = AccentColor;
				CLANG_ANALYZER_NONNULL = YES;
				CLANG_ANALYZER_NUMBER_OBJECT_CONVERSION = YES_AGGRESSIVE;
				CLANG_CXX_LANGUAGE_STANDARD = "gnu++20";
				CLANG_ENABLE_MODULES = YES;
				CLANG_ENABLE_OBJC_ARC = YES;
				CLANG_ENABLE_OBJC_WEAK = YES;
				CLANG_WARN_BLOCK_CAPTURE_AUTORELEASING = YES;
				CLANG_WARN_BOOL_CONVERSION = YES;
				CLANG_WARN_COMMA = YES;
				CLANG_WARN_CONSTANT_CONVERSION = YES;
				CLANG_WARN_DEPRECATED_OBJC_IMPLEMENTATIONS = YES;
				CLANG_WARN_DIRECT_OBJC_ISA_USAGE = YES_ERROR;
				CLANG_WARN_DOCUMENTATION_COMMENTS = YES;
				CLANG_WARN_EMPTY_BODY = YES;
				CLANG_WARN_ENUM_CONVERSION = YES;
				CLANG_WARN_INFINITE_RECURSION = YES;
				CLANG_WARN_INT_CONVERSION = YES;
				CLANG_WARN_NON_LITERAL_NULL_CONVERSION = YES;
				CLANG_WARN_OBJC_IMPLICIT_RETAIN_SELF = YES;
				CLANG_WARN_OBJC_LITERAL_CONVERSION = YES;
				CLANG_WARN_OBJC_ROOT_CLASS = YES_ERROR;
				CLANG_WARN_QUOTED_INCLUDE_IN_FRAMEWORK_HEADER = YES;
				CLANG_WARN_RANGE_LOOP_ANALYSIS = YES;
				CLANG_WARN_STRICT_PROTOTYPES = YES;
				CLANG_WARN_SUSPICIOUS_MOVE = YES;
				CLANG_WARN_UNGUARDED_AVAILABILITY = YES_AGGRESSIVE;
				CLANG_WARN_UNREACHABLE_CODE = YES;
				CLANG_WARN__DUPLICATE_METHOD_MATCH = YES;
				CODE_SIGN_ENTITLEMENTS = WithSwiftProductDependencies/WithSwiftProductDependencies.entitlements;
				CODE_SIGN_STYLE = Automatic;
				COMBINE_HIDPI_IMAGES = YES;
				COPY_PHASE_STRIP = NO;
				CURRENT_PROJECT_VERSION = 1;
				DEBUG_INFORMATION_FORMAT = dwarf;
				DEVELOPMENT_ASSET_PATHS = "\"WithSwiftProductDependencies/Preview Content\"";
				ENABLE_PREVIEWS = YES;
				ENABLE_STRICT_OBJC_MSGSEND = YES;
				ENABLE_TESTABILITY = YES;
				GCC_C_LANGUAGE_STANDARD = gnu11;
				GCC_DYNAMIC_NO_PIC = NO;
				GCC_NO_COMMON_BLOCKS = YES;
				GCC_OPTIMIZATION_LEVEL = 0;
				GCC_PREPROCESSOR_DEFINITIONS = (
					"DEBUG=1",
					"$(inherited)",
				);
				GCC_WARN_64_TO_32_BIT_CONVERSION = YES;
				GCC_WARN_ABOUT_RETURN_TYPE = YES_ERROR;
				GCC_WARN_UNDECLARED_SELECTOR = YES;
				GCC_WARN_UNINITIALIZED_AUTOS = YES_AGGRESSIVE;
				GCC_WARN_UNUSED_FUNCTION = YES;
				GCC_WARN_UNUSED_VARIABLE = YES;
				GENERATE_INFOPLIST_FILE = YES;
				INFOPLIST_KEY_NSHumanReadableCopyright = "";
				LD_RUNPATH_SEARCH_PATHS = (
					"$(inherited)",
					"@executable_path/../Frameworks",
				);
				MACOSX_DEPLOYMENT_TARGET = 12.5;
				MARKETING_VERSION = 1.0;
				MTL_ENABLE_DEBUG_INFO = INCLUDE_SOURCE;
				MTL_FAST_MATH = YES;
				ONLY_ACTIVE_ARCH = YES;
				PRODUCT_BUNDLE_IDENTIFIER = dev.nokee.samples.xcode.WithSwiftProductDependencies;
				PRODUCT_NAME = "$(TARGET_NAME)";
				SDKROOT = macosx;
				SWIFT_ACTIVE_COMPILATION_CONDITIONS = DEBUG;
				SWIFT_EMIT_LOC_STRINGS = YES;
				SWIFT_OPTIMIZATION_LEVEL = "-Onone";
				SWIFT_VERSION = 5.0;
			};
			name = Debug;
		};
		6511B21B2A0674AF00D00FA0 /* Release */ = {
			isa = XCBuildConfiguration;
			buildSettings = {
				ALWAYS_SEARCH_USER_PATHS = NO;
				ASSETCATALOG_COMPILER_APPICON_NAME = AppIcon;
				ASSETCATALOG_COMPILER_GLOBAL_ACCENT_COLOR_NAME = AccentColor;
				CLANG_ANALYZER_NONNULL = YES;
				CLANG_ANALYZER_NUMBER_OBJECT_CONVERSION = YES_AGGRESSIVE;
				CLANG_CXX_LANGUAGE_STANDARD = "gnu++20";
				CLANG_ENABLE_MODULES = YES;
				CLANG_ENABLE_OBJC_ARC = YES;
				CLANG_ENABLE_OBJC_WEAK = YES;
				CLANG_WARN_BLOCK_CAPTURE_AUTORELEASING = YES;
				CLANG_WARN_BOOL_CONVERSION = YES;
				CLANG_WARN_COMMA = YES;
				CLANG_WARN_CONSTANT_CONVERSION = YES;
				CLANG_WARN_DEPRECATED_OBJC_IMPLEMENTATIONS = YES;
				CLANG_WARN_DIRECT_OBJC_ISA_USAGE = YES_ERROR;
				CLANG_WARN_DOCUMENTATION_COMMENTS = YES;
				CLANG_WARN_EMPTY_BODY = YES;
				CLANG_WARN_ENUM_CONVERSION = YES;
				CLANG_WARN_INFINITE_RECURSION = YES;
				CLANG_WARN_INT_CONVERSION = YES;
				CLANG_WARN_NON_LITERAL_NULL_CONVERSION = YES;
				CLANG_WARN_OBJC_IMPLICIT_RETAIN_SELF = YES;
				CLANG_WARN_OBJC_LITERAL_CONVERSION = YES;
				CLANG_WARN_OBJC_ROOT_CLASS = YES_ERROR;
				CLANG_WARN_QUOTED_INCLUDE_IN_FRAMEWORK_HEADER = YES;
				CLANG_WARN_RANGE_LOOP_ANALYSIS = YES;
				CLANG_WARN_STRICT_PROTOTYPES = YES;
				CLANG_WARN_SUSPICIOUS_MOVE = YES;
				CLANG_WARN_UNGUARDED_AVAILABILITY = YES_AGGRESSIVE;
				CLANG_WARN_UNREACHABLE_CODE = YES;
				CLANG_WARN__DUPLICATE_METHOD_MATCH = YES;
				CODE_SIGN_ENTITLEMENTS = WithSwiftProductDependencies/WithSwiftProductDependencies.entitlements;
				CODE_SIGN_STYLE = Automatic;
				COMBINE_HIDPI_IMAGES = YES;
				COPY_PHASE_STRIP = NO;
				CURRENT_PROJECT_VERSION = 1;
				DEBUG_INFORMATION_FORMAT = "dwarf-with-dsym";
				DEVELOPMENT_ASSET_PATHS = "\"WithSwiftProductDependencies/Preview Content\"";
				ENABLE_NS_ASSERTIONS = NO;
				ENABLE_PREVIEWS = YES;
				ENABLE_STRICT_OBJC_MSGSEND = YES;
				GCC_C_LANGUAGE_STANDARD = gnu11;
				GCC_NO_COMMON_BLOCKS = YES;
				GCC_WARN_64_TO_32_BIT_CONVERSION = YES;
				GCC_WARN_ABOUT_RETURN_TYPE = YES_ERROR;
				GCC_WARN_UNDECLARED_SELECTOR = YES;
				GCC_WARN_UNINITIALIZED_AUTOS = YES_AGGRESSIVE;
				GCC_WARN_UNUSED_FUNCTION = YES;
				GCC_WARN_UNUSED_VARIABLE = YES;
				GENERATE_INFOPLIST_FILE = YES;
				INFOPLIST_KEY_NSHumanReadableCopyright = "";
				LD_RUNPATH_SEARCH_PATHS = (
					"$(inherited)",
					"@executable_path/../Frameworks",
				);
				MACOSX_DEPLOYMENT_TARGET = 12.5;
				MARKETING_VERSION = 1.0;
				MTL_ENABLE_DEBUG_INFO = NO;
				MTL_FAST_MATH = YES;
				PRODUCT_BUNDLE_IDENTIFIER = dev.nokee.samples.xcode.WithSwiftProductDependencies;
				PRODUCT_NAME = "$(TARGET_NAME)";
				SDKROOT = macosx;
				SWIFT_COMPILATION_MODE = wholemodule;
				SWIFT_EMIT_LOC_STRINGS = YES;
				SWIFT_OPTIMIZATION_LEVEL = "-O";
				SWIFT_VERSION = 5.0;
			};
			name = Release;
		};
/* End XCBuildConfiguration section */

/* Begin XCConfigurationList section */
		6511B1F22A06740700D00FA0 /* Build configuration list for PBXProject "SwiftPackageProductDependencies" */ = {
			isa = XCConfigurationList;
			buildConfigurations = (
				6511B1F32A06740700D00FA0 /* Debug */,
				6511B1F42A06740700D00FA0 /* Release */,
			);
			defaultConfigurationIsVisible = 0;
			defaultConfigurationName = Release;
		};
		6511B2082A06749800D00FA0 /* Build configuration list for PBXNativeTarget "WithoutSwiftProductDependencies" */ = {
			isa = XCConfigurationList;
			buildConfigurations = (
				6511B2062A06749800D00FA0 /* Debug */,
				6511B2072A06749800D00FA0 /* Release */,
			);
			defaultConfigurationIsVisible = 0;
			defaultConfigurationName = Release;
		};
		6511B2192A0674AF00D00FA0 /* Build configuration list for PBXNativeTarget "WithSwiftProductDependencies" */ = {
			isa = XCConfigurationList;
			buildConfigurations = (
				6511B21A2A0674AF00D00FA0 /* Debug */,
				6511B21B2A0674AF00D00FA0 /* Release */,
			);
			defaultConfigurationIsVisible = 0;
			defaultConfigurationName = Release;
		};
/* End XCConfigurationList section */

/* Begin XCRemoteSwiftPackageReference section */
		6511B21C2A0675D500D00FA0 /* XCRemoteSwiftPackageReference "swift-nio" */ = {
			isa = XCRemoteSwiftPackageReference;
			repositoryURL = "https://github.com/apple/swift-nio.git";
			requirement = {
				kind = upToNextMajorVersion;
				minimumVersion = 2.0.0;
			};
		};
		6511B21F2A0675FB00D00FA0 /* XCRemoteSwiftPackageReference "swift-argument-parser" */ = {
			isa = XCRemoteSwiftPackageReference;
			repositoryURL = "https://github.com/apple/swift-argument-parser.git";
			requirement = {
				kind = upToNextMajorVersion;
				minimumVersion = 1.0.0;
			};
		};
/* End XCRemoteSwiftPackageReference section */

/* Begin XCSwiftPackageProductDependency section */
		6511B21D2A0675D500D00FA0 /* NIO */ = {
			isa = XCSwiftPackageProductDependency;
			package = 6511B21C2A0675D500D00FA0 /* XCRemoteSwiftPackageReference "swift-nio" */;
			productName = NIO;
		};
		6511B2202A0675FB00D00FA0 /* ArgumentParser */ = {
			isa = XCSwiftPackageProductDependency;
			package = 6511B21F2A0675FB00D00FA0 /* XCRemoteSwiftPackageReference "swift-argument-parser" */;
			productName = ArgumentParser;
		};
/* End XCSwiftPackageProductDependency section */
	};
	rootObject = 6511B1EF2A06740700D00FA0 /* Project object */;
}
