// !$*UTF8*$!
{
	archiveVersion = 1;
	classes = {
	};
	objectVersion = 55;
	objects = {

/* Begin PBXBuildFile section */
		65F6EB1328B02DB4007DBD6C /* main.c in Sources */ = {isa = PBXBuildFile; fileRef = 65F6EB1228B02DB4007DBD6C /* main.c */; };
/* End PBXBuildFile section */

/* Begin PBXContainerItemProxy section */
		65F6EB0828B02D2E007DBD6C /* PBXContainerItemProxy */ = {
			isa = PBXContainerItemProxy;
			containerPortal = 65F6EB0428B02D2E007DBD6C /* Library.xcodeproj */;
			proxyType = 2;
			remoteGlobalIDString = 65F6EAFE28B02CDB007DBD6C;
			remoteInfo = GreeterLib;
		};
		65F6EB1728B02DBA007DBD6C /* PBXContainerItemProxy */ = {
			isa = PBXContainerItemProxy;
			containerPortal = 65F6EB0428B02D2E007DBD6C /* Library.xcodeproj */;
			proxyType = 1;
			remoteGlobalIDString = 65F6EAFD28B02CDB007DBD6C;
			remoteInfo = GreeterLib;
		};
/* End PBXContainerItemProxy section */

/* Begin PBXCopyFilesBuildPhase section */
		65F6EB0E28B02DB4007DBD6C /* CopyFiles */ = {
			isa = PBXCopyFilesBuildPhase;
			buildActionMask = 2147483647;
			dstPath = /usr/share/man/man1/;
			dstSubfolderSpec = 0;
			files = (
			);
			runOnlyForDeploymentPostprocessing = 1;
		};
/* End PBXCopyFilesBuildPhase section */

/* Begin PBXFileReference section */
		65F6EB0428B02D2E007DBD6C /* Library.xcodeproj */ = {isa = PBXFileReference; lastKnownFileType = "wrapper.pb-project"; path = Library.xcodeproj; sourceTree = "<group>"; };
		65F6EB1028B02DB4007DBD6C /* GreeterApp */ = {isa = PBXFileReference; explicitFileType = "compiled.mach-o.executable"; includeInIndex = 0; path = GreeterApp; sourceTree = BUILT_PRODUCTS_DIR; };
		65F6EB1228B02DB4007DBD6C /* main.c */ = {isa = PBXFileReference; lastKnownFileType = sourcecode.c.c; path = main.c; sourceTree = "<group>"; };
/* End PBXFileReference section */

/* Begin PBXFrameworksBuildPhase section */
		65F6EB0D28B02DB4007DBD6C /* Frameworks */ = {
			isa = PBXFrameworksBuildPhase;
			buildActionMask = 2147483647;
			files = (
			);
			runOnlyForDeploymentPostprocessing = 0;
		};
/* End PBXFrameworksBuildPhase section */

/* Begin PBXGroup section */
		65F6EAD628B02A87007DBD6C = {
			isa = PBXGroup;
			children = (
				65F6EB0428B02D2E007DBD6C /* Library.xcodeproj */,
				65F6EB1128B02DB4007DBD6C /* GreeterApp */,
				65F6EAE028B02A87007DBD6C /* Products */,
			);
			sourceTree = "<group>";
		};
		65F6EAE028B02A87007DBD6C /* Products */ = {
			isa = PBXGroup;
			children = (
				65F6EB1028B02DB4007DBD6C /* GreeterApp */,
			);
			name = Products;
			sourceTree = "<group>";
		};
		65F6EB0528B02D2E007DBD6C /* Products */ = {
			isa = PBXGroup;
			children = (
				65F6EB0928B02D2E007DBD6C /* libGreeterLib.a */,
			);
			name = Products;
			sourceTree = "<group>";
		};
		65F6EB1128B02DB4007DBD6C /* GreeterApp */ = {
			isa = PBXGroup;
			children = (
				65F6EB1228B02DB4007DBD6C /* main.c */,
			);
			path = GreeterApp;
			sourceTree = "<group>";
		};
/* End PBXGroup section */

/* Begin PBXNativeTarget section */
		65F6EB0F28B02DB4007DBD6C /* GreeterApp */ = {
			isa = PBXNativeTarget;
			buildConfigurationList = 65F6EB1428B02DB4007DBD6C /* Build configuration list for PBXNativeTarget "GreeterApp" */;
			buildPhases = (
				65F6EB0C28B02DB4007DBD6C /* Sources */,
				65F6EB0D28B02DB4007DBD6C /* Frameworks */,
				65F6EB0E28B02DB4007DBD6C /* CopyFiles */,
			);
			buildRules = (
			);
			dependencies = (
				65F6EB1828B02DBA007DBD6C /* PBXTargetDependency */,
			);
			name = GreeterApp;
			productName = GreeterApp;
			productReference = 65F6EB1028B02DB4007DBD6C /* GreeterApp */;
			productType = "com.apple.product-type.tool";
		};
/* End PBXNativeTarget section */

/* Begin PBXProject section */
		65F6EAD728B02A87007DBD6C /* Project object */ = {
			isa = PBXProject;
			attributes = {
				BuildIndependentTargetsInParallel = 1;
				LastUpgradeCheck = 1340;
				TargetAttributes = {
					65F6EB0F28B02DB4007DBD6C = {
						CreatedOnToolsVersion = 13.4;
					};
				};
			};
			buildConfigurationList = 65F6EADA28B02A87007DBD6C /* Build configuration list for PBXProject "CrossProjectReference" */;
			compatibilityVersion = "Xcode 13.0";
			developmentRegion = en;
			hasScannedForEncodings = 0;
			knownRegions = (
				en,
				Base,
			);
			mainGroup = 65F6EAD628B02A87007DBD6C;
			productRefGroup = 65F6EAE028B02A87007DBD6C /* Products */;
			projectDirPath = "";
			projectReferences = (
				{
					ProductGroup = 65F6EB0528B02D2E007DBD6C /* Products */;
					ProjectRef = 65F6EB0428B02D2E007DBD6C /* Library.xcodeproj */;
				},
			);
			projectRoot = "";
			targets = (
				65F6EB0F28B02DB4007DBD6C /* GreeterApp */,
			);
		};
/* End PBXProject section */

/* Begin PBXReferenceProxy section */
		65F6EB0928B02D2E007DBD6C /* libGreeterLib.a */ = {
			isa = PBXReferenceProxy;
			fileType = archive.ar;
			path = libGreeterLib.a;
			remoteRef = 65F6EB0828B02D2E007DBD6C /* PBXContainerItemProxy */;
			sourceTree = BUILT_PRODUCTS_DIR;
		};
/* End PBXReferenceProxy section */

/* Begin PBXSourcesBuildPhase section */
		65F6EB0C28B02DB4007DBD6C /* Sources */ = {
			isa = PBXSourcesBuildPhase;
			buildActionMask = 2147483647;
			files = (
				65F6EB1328B02DB4007DBD6C /* main.c in Sources */,
			);
			runOnlyForDeploymentPostprocessing = 0;
		};
/* End PBXSourcesBuildPhase section */

/* Begin PBXTargetDependency section */
		65F6EB1828B02DBA007DBD6C /* PBXTargetDependency */ = {
			isa = PBXTargetDependency;
			name = GreeterLib;
			targetProxy = 65F6EB1728B02DBA007DBD6C /* PBXContainerItemProxy */;
		};
/* End PBXTargetDependency section */

/* Begin XCBuildConfiguration section */
		65F6EAE428B02A87007DBD6C /* Debug */ = {
			isa = XCBuildConfiguration;
			buildSettings = {
				ALWAYS_SEARCH_USER_PATHS = NO;
				CLANG_ANALYZER_NONNULL = YES;
				CLANG_ANALYZER_NUMBER_OBJECT_CONVERSION = YES_AGGRESSIVE;
				CLANG_CXX_LANGUAGE_STANDARD = "gnu++17";
				CLANG_ENABLE_MODULES = YES;
				CLANG_ENABLE_OBJC_ARC = YES;
				CLANG_ENABLE_OBJC_WEAK = YES;
				CLANG_WARN_BLOCK_CAPTURE_AUTORELEASING = YES;
				CLANG_WARN_BOOL_CONVERSION = YES;
				CLANG_WARN_COMMA = YES;
				CLANG_WARN_CONSTANT_CONVERSION = YES;
				CLANG_WARN_DEPRECATED_OBJC_IMPLEMENTATIONS = YES;
				CLANG_WARN_DIRECT_OBJC_ISA_USAGE = YES_ERROR;
				CLANG_WARN_DOCUMENTATION_COMMENTS = YES;
				CLANG_WARN_EMPTY_BODY = YES;
				CLANG_WARN_ENUM_CONVERSION = YES;
				CLANG_WARN_INFINITE_RECURSION = YES;
				CLANG_WARN_INT_CONVERSION = YES;
				CLANG_WARN_NON_LITERAL_NULL_CONVERSION = YES;
				CLANG_WARN_OBJC_IMPLICIT_RETAIN_SELF = YES;
				CLANG_WARN_OBJC_LITERAL_CONVERSION = YES;
				CLANG_WARN_OBJC_ROOT_CLASS = YES_ERROR;
				CLANG_WARN_QUOTED_INCLUDE_IN_FRAMEWORK_HEADER = YES;
				CLANG_WARN_RANGE_LOOP_ANALYSIS = YES;
				CLANG_WARN_STRICT_PROTOTYPES = YES;
				CLANG_WARN_SUSPICIOUS_MOVE = YES;
				CLANG_WARN_UNGUARDED_AVAILABILITY = YES_AGGRESSIVE;
				CLANG_WARN_UNREACHABLE_CODE = YES;
				CLANG_WARN__DUPLICATE_METHOD_MATCH = YES;
				COPY_PHASE_STRIP = NO;
				DEBUG_INFORMATION_FORMAT = dwarf;
				ENABLE_STRICT_OBJC_MSGSEND = YES;
				ENABLE_TESTABILITY = YES;
				GCC_C_LANGUAGE_STANDARD = gnu11;
				GCC_DYNAMIC_NO_PIC = NO;
				GCC_NO_COMMON_BLOCKS = YES;
				GCC_OPTIMIZATION_LEVEL = 0;
				GCC_PREPROCESSOR_DEFINITIONS = (
					"DEBUG=1",
					"$(inherited)",
				);
				GCC_WARN_64_TO_32_BIT_CONVERSION = YES;
				GCC_WARN_ABOUT_RETURN_TYPE = YES_ERROR;
				GCC_WARN_UNDECLARED_SELECTOR = YES;
				GCC_WARN_UNINITIALIZED_AUTOS = YES_AGGRESSIVE;
				GCC_WARN_UNUSED_FUNCTION = YES;
				GCC_WARN_UNUSED_VARIABLE = YES;
				MACOSX_DEPLOYMENT_TARGET = 12.3;
				MTL_ENABLE_DEBUG_INFO = INCLUDE_SOURCE;
				MTL_FAST_MATH = YES;
				ONLY_ACTIVE_ARCH = YES;
				SDKROOT = macosx;
			};
			name = Debug;
		};
		65F6EAE528B02A87007DBD6C /* Release */ = {
			isa = XCBuildConfiguration;
			buildSettings = {
				ALWAYS_SEARCH_USER_PATHS = NO;
				CLANG_ANALYZER_NONNULL = YES;
				CLANG_ANALYZER_NUMBER_OBJECT_CONVERSION = YES_AGGRESSIVE;
				CLANG_CXX_LANGUAGE_STANDARD = "gnu++17";
				CLANG_ENABLE_MODULES = YES;
				CLANG_ENABLE_OBJC_ARC = YES;
				CLANG_ENABLE_OBJC_WEAK = YES;
				CLANG_WARN_BLOCK_CAPTURE_AUTORELEASING = YES;
				CLANG_WARN_BOOL_CONVERSION = YES;
				CLANG_WARN_COMMA = YES;
				CLANG_WARN_CONSTANT_CONVERSION = YES;
				CLANG_WARN_DEPRECATED_OBJC_IMPLEMENTATIONS = YES;
				CLANG_WARN_DIRECT_OBJC_ISA_USAGE = YES_ERROR;
				CLANG_WARN_DOCUMENTATION_COMMENTS = YES;
				CLANG_WARN_EMPTY_BODY = YES;
				CLANG_WARN_ENUM_CONVERSION = YES;
				CLANG_WARN_INFINITE_RECURSION = YES;
				CLANG_WARN_INT_CONVERSION = YES;
				CLANG_WARN_NON_LITERAL_NULL_CONVERSION = YES;
				CLANG_WARN_OBJC_IMPLICIT_RETAIN_SELF = YES;
				CLANG_WARN_OBJC_LITERAL_CONVERSION = YES;
				CLANG_WARN_OBJC_ROOT_CLASS = YES_ERROR;
				CLANG_WARN_QUOTED_INCLUDE_IN_FRAMEWORK_HEADER = YES;
				CLANG_WARN_RANGE_LOOP_ANALYSIS = YES;
				CLANG_WARN_STRICT_PROTOTYPES = YES;
				CLANG_WARN_SUSPICIOUS_MOVE = YES;
				CLANG_WARN_UNGUARDED_AVAILABILITY = YES_AGGRESSIVE;
				CLANG_WARN_UNREACHABLE_CODE = YES;
				CLANG_WARN__DUPLICATE_METHOD_MATCH = YES;
				COPY_PHASE_STRIP = NO;
				DEBUG_INFORMATION_FORMAT = "dwarf-with-dsym";
				ENABLE_NS_ASSERTIONS = NO;
				ENABLE_STRICT_OBJC_MSGSEND = YES;
				GCC_C_LANGUAGE_STANDARD = gnu11;
				GCC_NO_COMMON_BLOCKS = YES;
				GCC_WARN_64_TO_32_BIT_CONVERSION = YES;
				GCC_WARN_ABOUT_RETURN_TYPE = YES_ERROR;
				GCC_WARN_UNDECLARED_SELECTOR = YES;
				GCC_WARN_UNINITIALIZED_AUTOS = YES_AGGRESSIVE;
				GCC_WARN_UNUSED_FUNCTION = YES;
				GCC_WARN_UNUSED_VARIABLE = YES;
				MACOSX_DEPLOYMENT_TARGET = 12.3;
				MTL_ENABLE_DEBUG_INFO = NO;
				MTL_FAST_MATH = YES;
				SDKROOT = macosx;
			};
			name = Release;
		};
		65F6EB1528B02DB4007DBD6C /* Debug */ = {
			isa = XCBuildConfiguration;
			buildSettings = {
				CODE_SIGN_STYLE = Automatic;
				PRODUCT_NAME = "$(TARGET_NAME)";
			};
			name = Debug;
		};
		65F6EB1628B02DB4007DBD6C /* Release */ = {
			isa = XCBuildConfiguration;
			buildSettings = {
				CODE_SIGN_STYLE = Automatic;
				PRODUCT_NAME = "$(TARGET_NAME)";
			};
			name = Release;
		};
/* End XCBuildConfiguration section */

/* Begin XCConfigurationList section */
		65F6EADA28B02A87007DBD6C /* Build configuration list for PBXProject "CrossProjectReference" */ = {
			isa = XCConfigurationList;
			buildConfigurations = (
				65F6EAE428B02A87007DBD6C /* Debug */,
				65F6EAE528B02A87007DBD6C /* Release */,
			);
			defaultConfigurationIsVisible = 0;
			defaultConfigurationName = Release;
		};
		65F6EB1428B02DB4007DBD6C /* Build configuration list for PBXNativeTarget "GreeterApp" */ = {
			isa = XCConfigurationList;
			buildConfigurations = (
				65F6EB1528B02DB4007DBD6C /* Debug */,
				65F6EB1628B02DB4007DBD6C /* Release */,
			);
			defaultConfigurationIsVisible = 0;
			defaultConfigurationName = Release;
		};
/* End XCConfigurationList section */
	};
	rootObject = 65F6EAD728B02A87007DBD6C /* Project object */;
}
