// !$*UTF8*$!
{
	archiveVersion = 1;
	classes = {
	};
	objectVersion = 55;
	objects = {

/* Begin PBXBuildFile section */
		6521075328ABFB6C00EC201B /* main.c in Sources */ = {isa = PBXBuildFile; fileRef = 6521075228ABFB6C00EC201B /* main.c */; };
/* End PBXBuildFile section */

/* Begin PBXCopyFilesBuildPhase section */
		6521074D28ABFB6C00EC201B /* CopyFiles */ = {
			isa = PBXCopyFilesBuildPhase;
			buildActionMask = 2147483647;
			dstPath = /usr/share/man/man1/;
			dstSubfolderSpec = 0;
			files = (
			);
			runOnlyForDeploymentPostprocessing = 1;
		};
/* End PBXCopyFilesBuildPhase section */

/* Begin PBXFileReference section */
		6521074F28ABFB6C00EC201B /* CommonSourceTree */ = {isa = PBXFileReference; explicitFileType = "compiled.mach-o.executable"; includeInIndex = 0; path = CommonSourceTree; sourceTree = BUILT_PRODUCTS_DIR; };
		6521075228ABFB6C00EC201B /* main.c */ = {isa = PBXFileReference; lastKnownFileType = sourcecode.c.c; path = main.c; sourceTree = "<group>"; };
		6521075928ABFB8D00EC201B /* README */ = {isa = PBXFileReference; lastKnownFileType = text; path = README; sourceTree = "<group>"; };
		6521075D28ABFE4700EC201B /* absolute-file */ = {isa = PBXFileReference; lastKnownFileType = text; name = "absolute-file"; path = "/path/to/my/absolute-file"; sourceTree = "<absolute>"; };
		6521075E28ABFEFE00EC201B /* relative-to-built-products */ = {isa = PBXFileReference; lastKnownFileType = text; path = "relative-to-built-products"; sourceTree = BUILT_PRODUCTS_DIR; };
		6521075F28ABFF2000EC201B /* relative-to-developer-directory */ = {isa = PBXFileReference; lastKnownFileType = text; path = "relative-to-developer-directory"; sourceTree = DEVELOPER_DIR; };
		6521076028ABFF5100EC201B /* relative-to-sdk */ = {isa = PBXFileReference; lastKnownFileType = text; path = "relative-to-sdk"; sourceTree = SDKROOT; };
		6521076128ABFF7000EC201B /* relative-to-project */ = {isa = PBXFileReference; lastKnownFileType = text; name = "relative-to-project"; path = "CommonSourceTree/relative-to-project"; sourceTree = SOURCE_ROOT; };
		6521076228ABFF9900EC201B /* relative-to-group */ = {isa = PBXFileReference; lastKnownFileType = text; path = "relative-to-group"; sourceTree = "<group>"; };
/* End PBXFileReference section */

/* Begin PBXFrameworksBuildPhase section */
		6521074C28ABFB6C00EC201B /* Frameworks */ = {
			isa = PBXFrameworksBuildPhase;
			buildActionMask = 2147483647;
			files = (
			);
			runOnlyForDeploymentPostprocessing = 0;
		};
/* End PBXFrameworksBuildPhase section */

/* Begin PBXGroup section */
		6521074628ABFB6C00EC201B = {
			isa = PBXGroup;
			children = (
				6521076028ABFF5100EC201B /* relative-to-sdk */,
				6521075F28ABFF2000EC201B /* relative-to-developer-directory */,
				6521075E28ABFEFE00EC201B /* relative-to-built-products */,
				6521075D28ABFE4700EC201B /* absolute-file */,
				6521075928ABFB8D00EC201B /* README */,
				6521075128ABFB6C00EC201B /* CommonSourceTree */,
				6521075028ABFB6C00EC201B /* Products */,
			);
			sourceTree = "<group>";
		};
		6521075028ABFB6C00EC201B /* Products */ = {
			isa = PBXGroup;
			children = (
				6521074F28ABFB6C00EC201B /* CommonSourceTree */,
			);
			name = Products;
			sourceTree = "<group>";
		};
		6521075128ABFB6C00EC201B /* CommonSourceTree */ = {
			isa = PBXGroup;
			children = (
				6521076228ABFF9900EC201B /* relative-to-group */,
				6521076128ABFF7000EC201B /* relative-to-project */,
				6521075228ABFB6C00EC201B /* main.c */,
			);
			path = CommonSourceTree;
			sourceTree = "<group>";
		};
/* End PBXGroup section */

/* Begin PBXNativeTarget section */
		6521074E28ABFB6C00EC201B /* CommonSourceTree */ = {
			isa = PBXNativeTarget;
			buildConfigurationList = 6521075628ABFB6C00EC201B /* Build configuration list for PBXNativeTarget "CommonSourceTree" */;
			buildPhases = (
				6521074B28ABFB6C00EC201B /* Sources */,
				6521074C28ABFB6C00EC201B /* Frameworks */,
				6521074D28ABFB6C00EC201B /* CopyFiles */,
			);
			buildRules = (
			);
			dependencies = (
			);
			name = CommonSourceTree;
			productName = CommonFileReference;
			productReference = 6521074F28ABFB6C00EC201B /* CommonSourceTree */;
			productType = "com.apple.product-type.tool";
		};
/* End PBXNativeTarget section */

/* Begin PBXProject section */
		6521074728ABFB6C00EC201B /* Project object */ = {
			isa = PBXProject;
			attributes = {
				BuildIndependentTargetsInParallel = 1;
				LastUpgradeCheck = 1340;
				TargetAttributes = {
					6521074E28ABFB6C00EC201B = {
						CreatedOnToolsVersion = 13.4;
					};
				};
			};
			buildConfigurationList = 6521074A28ABFB6C00EC201B /* Build configuration list for PBXProject "CommonSourceTree" */;
			compatibilityVersion = "Xcode 13.0";
			developmentRegion = en;
			hasScannedForEncodings = 0;
			knownRegions = (
				en,
				Base,
			);
			mainGroup = 6521074628ABFB6C00EC201B;
			productRefGroup = 6521075028ABFB6C00EC201B /* Products */;
			projectDirPath = "";
			projectRoot = "";
			targets = (
				6521074E28ABFB6C00EC201B /* CommonSourceTree */,
			);
		};
/* End PBXProject section */

/* Begin PBXSourcesBuildPhase section */
		6521074B28ABFB6C00EC201B /* Sources */ = {
			isa = PBXSourcesBuildPhase;
			buildActionMask = 2147483647;
			files = (
				6521075328ABFB6C00EC201B /* main.c in Sources */,
			);
			runOnlyForDeploymentPostprocessing = 0;
		};
/* End PBXSourcesBuildPhase section */

/* Begin XCBuildConfiguration section */
		6521075428ABFB6C00EC201B /* Debug */ = {
			isa = XCBuildConfiguration;
			buildSettings = {
				ALWAYS_SEARCH_USER_PATHS = NO;
				CLANG_ANALYZER_NONNULL = YES;
				CLANG_ANALYZER_NUMBER_OBJECT_CONVERSION = YES_AGGRESSIVE;
				CLANG_CXX_LANGUAGE_STANDARD = "gnu++17";
				CLANG_ENABLE_MODULES = YES;
				CLANG_ENABLE_OBJC_ARC = YES;
				CLANG_ENABLE_OBJC_WEAK = YES;
				CLANG_WARN_BLOCK_CAPTURE_AUTORELEASING = YES;
				CLANG_WARN_BOOL_CONVERSION = YES;
				CLANG_WARN_COMMA = YES;
				CLANG_WARN_CONSTANT_CONVERSION = YES;
				CLANG_WARN_DEPRECATED_OBJC_IMPLEMENTATIONS = YES;
				CLANG_WARN_DIRECT_OBJC_ISA_USAGE = YES_ERROR;
				CLANG_WARN_DOCUMENTATION_COMMENTS = YES;
				CLANG_WARN_EMPTY_BODY = YES;
				CLANG_WARN_ENUM_CONVERSION = YES;
				CLANG_WARN_INFINITE_RECURSION = YES;
				CLANG_WARN_INT_CONVERSION = YES;
				CLANG_WARN_NON_LITERAL_NULL_CONVERSION = YES;
				CLANG_WARN_OBJC_IMPLICIT_RETAIN_SELF = YES;
				CLANG_WARN_OBJC_LITERAL_CONVERSION = YES;
				CLANG_WARN_OBJC_ROOT_CLASS = YES_ERROR;
				CLANG_WARN_QUOTED_INCLUDE_IN_FRAMEWORK_HEADER = YES;
				CLANG_WARN_RANGE_LOOP_ANALYSIS = YES;
				CLANG_WARN_STRICT_PROTOTYPES = YES;
				CLANG_WARN_SUSPICIOUS_MOVE = YES;
				CLANG_WARN_UNGUARDED_AVAILABILITY = YES_AGGRESSIVE;
				CLANG_WARN_UNREACHABLE_CODE = YES;
				CLANG_WARN__DUPLICATE_METHOD_MATCH = YES;
				COPY_PHASE_STRIP = NO;
				DEBUG_INFORMATION_FORMAT = dwarf;
				ENABLE_STRICT_OBJC_MSGSEND = YES;
				ENABLE_TESTABILITY = YES;
				GCC_C_LANGUAGE_STANDARD = gnu11;
				GCC_DYNAMIC_NO_PIC = NO;
				GCC_NO_COMMON_BLOCKS = YES;
				GCC_OPTIMIZATION_LEVEL = 0;
				GCC_PREPROCESSOR_DEFINITIONS = (
					"DEBUG=1",
					"$(inherited)",
				);
				GCC_WARN_64_TO_32_BIT_CONVERSION = YES;
				GCC_WARN_ABOUT_RETURN_TYPE = YES_ERROR;
				GCC_WARN_UNDECLARED_SELECTOR = YES;
				GCC_WARN_UNINITIALIZED_AUTOS = YES_AGGRESSIVE;
				GCC_WARN_UNUSED_FUNCTION = YES;
				GCC_WARN_UNUSED_VARIABLE = YES;
				MACOSX_DEPLOYMENT_TARGET = 12.3;
				MTL_ENABLE_DEBUG_INFO = INCLUDE_SOURCE;
				MTL_FAST_MATH = YES;
				ONLY_ACTIVE_ARCH = YES;
				SDKROOT = macosx;
			};
			name = Debug;
		};
		6521075528ABFB6C00EC201B /* Release */ = {
			isa = XCBuildConfiguration;
			buildSettings = {
				ALWAYS_SEARCH_USER_PATHS = NO;
				CLANG_ANALYZER_NONNULL = YES;
				CLANG_ANALYZER_NUMBER_OBJECT_CONVERSION = YES_AGGRESSIVE;
				CLANG_CXX_LANGUAGE_STANDARD = "gnu++17";
				CLANG_ENABLE_MODULES = YES;
				CLANG_ENABLE_OBJC_ARC = YES;
				CLANG_ENABLE_OBJC_WEAK = YES;
				CLANG_WARN_BLOCK_CAPTURE_AUTORELEASING = YES;
				CLANG_WARN_BOOL_CONVERSION = YES;
				CLANG_WARN_COMMA = YES;
				CLANG_WARN_CONSTANT_CONVERSION = YES;
				CLANG_WARN_DEPRECATED_OBJC_IMPLEMENTATIONS = YES;
				CLANG_WARN_DIRECT_OBJC_ISA_USAGE = YES_ERROR;
				CLANG_WARN_DOCUMENTATION_COMMENTS = YES;
				CLANG_WARN_EMPTY_BODY = YES;
				CLANG_WARN_ENUM_CONVERSION = YES;
				CLANG_WARN_INFINITE_RECURSION = YES;
				CLANG_WARN_INT_CONVERSION = YES;
				CLANG_WARN_NON_LITERAL_NULL_CONVERSION = YES;
				CLANG_WARN_OBJC_IMPLICIT_RETAIN_SELF = YES;
				CLANG_WARN_OBJC_LITERAL_CONVERSION = YES;
				CLANG_WARN_OBJC_ROOT_CLASS = YES_ERROR;
				CLANG_WARN_QUOTED_INCLUDE_IN_FRAMEWORK_HEADER = YES;
				CLANG_WARN_RANGE_LOOP_ANALYSIS = YES;
				CLANG_WARN_STRICT_PROTOTYPES = YES;
				CLANG_WARN_SUSPICIOUS_MOVE = YES;
				CLANG_WARN_UNGUARDED_AVAILABILITY = YES_AGGRESSIVE;
				CLANG_WARN_UNREACHABLE_CODE = YES;
				CLANG_WARN__DUPLICATE_METHOD_MATCH = YES;
				COPY_PHASE_STRIP = NO;
				DEBUG_INFORMATION_FORMAT = "dwarf-with-dsym";
				ENABLE_NS_ASSERTIONS = NO;
				ENABLE_STRICT_OBJC_MSGSEND = YES;
				GCC_C_LANGUAGE_STANDARD = gnu11;
				GCC_NO_COMMON_BLOCKS = YES;
				GCC_WARN_64_TO_32_BIT_CONVERSION = YES;
				GCC_WARN_ABOUT_RETURN_TYPE = YES_ERROR;
				GCC_WARN_UNDECLARED_SELECTOR = YES;
				GCC_WARN_UNINITIALIZED_AUTOS = YES_AGGRESSIVE;
				GCC_WARN_UNUSED_FUNCTION = YES;
				GCC_WARN_UNUSED_VARIABLE = YES;
				MACOSX_DEPLOYMENT_TARGET = 12.3;
				MTL_ENABLE_DEBUG_INFO = NO;
				MTL_FAST_MATH = YES;
				SDKROOT = macosx;
			};
			name = Release;
		};
		6521075728ABFB6C00EC201B /* Debug */ = {
			isa = XCBuildConfiguration;
			buildSettings = {
				CODE_SIGN_STYLE = Automatic;
				PRODUCT_NAME = "$(TARGET_NAME)";
			};
			name = Debug;
		};
		6521075828ABFB6C00EC201B /* Release */ = {
			isa = XCBuildConfiguration;
			buildSettings = {
				CODE_SIGN_STYLE = Automatic;
				PRODUCT_NAME = "$(TARGET_NAME)";
			};
			name = Release;
		};
/* End XCBuildConfiguration section */

/* Begin XCConfigurationList section */
		6521074A28ABFB6C00EC201B /* Build configuration list for PBXProject "CommonSourceTree" */ = {
			isa = XCConfigurationList;
			buildConfigurations = (
				6521075428ABFB6C00EC201B /* Debug */,
				6521075528ABFB6C00EC201B /* Release */,
			);
			defaultConfigurationIsVisible = 0;
			defaultConfigurationName = Release;
		};
		6521075628ABFB6C00EC201B /* Build configuration list for PBXNativeTarget "CommonSourceTree" */ = {
			isa = XCConfigurationList;
			buildConfigurations = (
				6521075728ABFB6C00EC201B /* Debug */,
				6521075828ABFB6C00EC201B /* Release */,
			);
			defaultConfigurationIsVisible = 0;
			defaultConfigurationName = Release;
		};
/* End XCConfigurationList section */
	};
	rootObject = 6521074728ABFB6C00EC201B /* Project object */;
}
