// !$*UTF8*$!
{
	archiveVersion = 1;
	classes = {
	};
	objectVersion = 56;
	objects = {

/* Begin PBXBuildFile section */
		65CAA4B22B8E881700DD711B /* AppDelegate.swift in Sources */ = {isa = PBXBuildFile; fileRef = 65CAA4B12B8E881700DD711B /* AppDelegate.swift */; };
		65CAA4B42B8E881700DD711B /* SceneDelegate.swift in Sources */ = {isa = PBXBuildFile; fileRef = 65CAA4B32B8E881700DD711B /* SceneDelegate.swift */; };
		65CAA4B62B8E881700DD711B /* ViewController.swift in Sources */ = {isa = PBXBuildFile; fileRef = 65CAA4B52B8E881700DD711B /* ViewController.swift */; };
		65CAA4B92B8E881700DD711B /* Main.storyboard in Resources */ = {isa = PBXBuildFile; fileRef = 65CAA4B72B8E881700DD711B /* Main.storyboard */; };
		65CAA4BB2B8E881900DD711B /* Assets.xcassets in Resources */ = {isa = PBXBuildFile; fileRef = 65CAA4BA2B8E881900DD711B /* Assets.xcassets */; };
		65CAA4BE2B8E881900DD711B /* LaunchScreen.storyboard in Resources */ = {isa = PBXBuildFile; fileRef = 65CAA4BC2B8E881900DD711B /* LaunchScreen.storyboard */; };
		65CAA4C92B8E881900DD711B /* ApplicationTests.swift in Sources */ = {isa = PBXBuildFile; fileRef = 65CAA4C82B8E881900DD711B /* ApplicationTests.swift */; };
		65CAA4D32B8E881900DD711B /* ApplicationUITests.swift in Sources */ = {isa = PBXBuildFile; fileRef = 65CAA4D22B8E881900DD711B /* ApplicationUITests.swift */; };
		65CAA4D52B8E881900DD711B /* ApplicationUITestsLaunchTests.swift in Sources */ = {isa = PBXBuildFile; fileRef = 65CAA4D42B8E881900DD711B /* ApplicationUITestsLaunchTests.swift */; };
/* End PBXBuildFile section */

/* Begin PBXContainerItemProxy section */
		65CAA4C52B8E881900DD711B /* PBXContainerItemProxy */ = {
			isa = PBXContainerItemProxy;
			containerPortal = 65CAA4A62B8E881700DD711B /* Project object */;
			proxyType = 1;
			remoteGlobalIDString = 65CAA4AD2B8E881700DD711B;
			remoteInfo = Application;
		};
		65CAA4CF2B8E881900DD711B /* PBXContainerItemProxy */ = {
			isa = PBXContainerItemProxy;
			containerPortal = 65CAA4A62B8E881700DD711B /* Project object */;
			proxyType = 1;
			remoteGlobalIDString = 65CAA4AD2B8E881700DD711B;
			remoteInfo = Application;
		};
/* End PBXContainerItemProxy section */

/* Begin PBXFileReference section */
		65CAA4AE2B8E881700DD711B /* Application.app */ = {isa = PBXFileReference; explicitFileType = wrapper.application; includeInIndex = 0; path = Application.app; sourceTree = BUILT_PRODUCTS_DIR; };
		65CAA4B12B8E881700DD711B /* AppDelegate.swift */ = {isa = PBXFileReference; lastKnownFileType = sourcecode.swift; path = AppDelegate.swift; sourceTree = "<group>"; };
		65CAA4B32B8E881700DD711B /* SceneDelegate.swift */ = {isa = PBXFileReference; lastKnownFileType = sourcecode.swift; path = SceneDelegate.swift; sourceTree = "<group>"; };
		65CAA4B52B8E881700DD711B /* ViewController.swift */ = {isa = PBXFileReference; lastKnownFileType = sourcecode.swift; path = ViewController.swift; sourceTree = "<group>"; };
		65CAA4B82B8E881700DD711B /* Base */ = {isa = PBXFileReference; lastKnownFileType = file.storyboard; name = Base; path = Base.lproj/Main.storyboard; sourceTree = "<group>"; };
		65CAA4BA2B8E881900DD711B /* Assets.xcassets */ = {isa = PBXFileReference; lastKnownFileType = folder.assetcatalog; path = Assets.xcassets; sourceTree = "<group>"; };
		65CAA4BD2B8E881900DD711B /* Base */ = {isa = PBXFileReference; lastKnownFileType = file.storyboard; name = Base; path = Base.lproj/LaunchScreen.storyboard; sourceTree = "<group>"; };
		65CAA4BF2B8E881900DD711B /* Info.plist */ = {isa = PBXFileReference; lastKnownFileType = text.plist.xml; path = Info.plist; sourceTree = "<group>"; };
		65CAA4C42B8E881900DD711B /* ApplicationTests.xctest */ = {isa = PBXFileReference; explicitFileType = wrapper.cfbundle; includeInIndex = 0; path = ApplicationTests.xctest; sourceTree = BUILT_PRODUCTS_DIR; };
		65CAA4C82B8E881900DD711B /* ApplicationTests.swift */ = {isa = PBXFileReference; lastKnownFileType = sourcecode.swift; path = ApplicationTests.swift; sourceTree = "<group>"; };
		65CAA4CE2B8E881900DD711B /* ApplicationUITests.xctest */ = {isa = PBXFileReference; explicitFileType = wrapper.cfbundle; includeInIndex = 0; path = ApplicationUITests.xctest; sourceTree = BUILT_PRODUCTS_DIR; };
		65CAA4D22B8E881900DD711B /* ApplicationUITests.swift */ = {isa = PBXFileReference; lastKnownFileType = sourcecode.swift; path = ApplicationUITests.swift; sourceTree = "<group>"; };
		65CAA4D42B8E881900DD711B /* ApplicationUITestsLaunchTests.swift */ = {isa = PBXFileReference; lastKnownFileType = sourcecode.swift; path = ApplicationUITestsLaunchTests.swift; sourceTree = "<group>"; };
/* End PBXFileReference section */

/* Begin PBXFrameworksBuildPhase section */
		65CAA4AB2B8E881700DD711B /* Frameworks */ = {
			isa = PBXFrameworksBuildPhase;
			buildActionMask = 2147483647;
			files = (
			);
			runOnlyForDeploymentPostprocessing = 0;
		};
		65CAA4C12B8E881900DD711B /* Frameworks */ = {
			isa = PBXFrameworksBuildPhase;
			buildActionMask = 2147483647;
			files = (
			);
			runOnlyForDeploymentPostprocessing = 0;
		};
		65CAA4CB2B8E881900DD711B /* Frameworks */ = {
			isa = PBXFrameworksBuildPhase;
			buildActionMask = 2147483647;
			files = (
			);
			runOnlyForDeploymentPostprocessing = 0;
		};
/* End PBXFrameworksBuildPhase section */

/* Begin PBXGroup section */
		65CAA4A52B8E881700DD711B = {
			isa = PBXGroup;
			children = (
				65CAA4B02B8E881700DD711B /* Application */,
				65CAA4C72B8E881900DD711B /* ApplicationTests */,
				65CAA4D12B8E881900DD711B /* ApplicationUITests */,
				65CAA4AF2B8E881700DD711B /* Products */,
			);
			sourceTree = "<group>";
		};
		65CAA4AF2B8E881700DD711B /* Products */ = {
			isa = PBXGroup;
			children = (
				65CAA4AE2B8E881700DD711B /* Application.app */,
				65CAA4C42B8E881900DD711B /* ApplicationTests.xctest */,
				65CAA4CE2B8E881900DD711B /* ApplicationUITests.xctest */,
			);
			name = Products;
			sourceTree = "<group>";
		};
		65CAA4B02B8E881700DD711B /* Application */ = {
			isa = PBXGroup;
			children = (
				65CAA4B12B8E881700DD711B /* AppDelegate.swift */,
				65CAA4B32B8E881700DD711B /* SceneDelegate.swift */,
				65CAA4B52B8E881700DD711B /* ViewController.swift */,
				65CAA4B72B8E881700DD711B /* Main.storyboard */,
				65CAA4BA2B8E881900DD711B /* Assets.xcassets */,
				65CAA4BC2B8E881900DD711B /* LaunchScreen.storyboard */,
				65CAA4BF2B8E881900DD711B /* Info.plist */,
			);
			path = Application;
			sourceTree = "<group>";
		};
		65CAA4C72B8E881900DD711B /* ApplicationTests */ = {
			isa = PBXGroup;
			children = (
				65CAA4C82B8E881900DD711B /* ApplicationTests.swift */,
			);
			path = ApplicationTests;
			sourceTree = "<group>";
		};
		65CAA4D12B8E881900DD711B /* ApplicationUITests */ = {
			isa = PBXGroup;
			children = (
				65CAA4D22B8E881900DD711B /* ApplicationUITests.swift */,
				65CAA4D42B8E881900DD711B /* ApplicationUITestsLaunchTests.swift */,
			);
			path = ApplicationUITests;
			sourceTree = "<group>";
		};
/* End PBXGroup section */

/* Begin PBXNativeTarget section */
		65CAA4AD2B8E881700DD711B /* Application */ = {
			isa = PBXNativeTarget;
			buildConfigurationList = 65CAA4D82B8E881900DD711B /* Build configuration list for PBXNativeTarget "Application" */;
			buildPhases = (
				65CAA4AA2B8E881700DD711B /* Sources */,
				65CAA4AB2B8E881700DD711B /* Frameworks */,
				65CAA4AC2B8E881700DD711B /* Resources */,
			);
			buildRules = (
			);
			dependencies = (
			);
			name = Application;
			productName = Application;
			productReference = 65CAA4AE2B8E881700DD711B /* Application.app */;
			productType = "com.apple.product-type.application";
		};
		65CAA4C32B8E881900DD711B /* ApplicationTests */ = {
			isa = PBXNativeTarget;
			buildConfigurationList = 65CAA4DB2B8E881900DD711B /* Build configuration list for PBXNativeTarget "ApplicationTests" */;
			buildPhases = (
				65CAA4C02B8E881900DD711B /* Sources */,
				65CAA4C12B8E881900DD711B /* Frameworks */,
				65CAA4C22B8E881900DD711B /* Resources */,
			);
			buildRules = (
			);
			dependencies = (
				65CAA4C62B8E881900DD711B /* PBXTargetDependency */,
			);
			name = ApplicationTests;
			productName = ApplicationTests;
			productReference = 65CAA4C42B8E881900DD711B /* ApplicationTests.xctest */;
			productType = "com.apple.product-type.bundle.unit-test";
		};
		65CAA4CD2B8E881900DD711B /* ApplicationUITests */ = {
			isa = PBXNativeTarget;
			buildConfigurationList = 65CAA4DE2B8E881900DD711B /* Build configuration list for PBXNativeTarget "ApplicationUITests" */;
			buildPhases = (
				65CAA4CA2B8E881900DD711B /* Sources */,
				65CAA4CB2B8E881900DD711B /* Frameworks */,
				65CAA4CC2B8E881900DD711B /* Resources */,
			);
			buildRules = (
			);
			dependencies = (
				65CAA4D02B8E881900DD711B /* PBXTargetDependency */,
			);
			name = ApplicationUITests;
			productName = ApplicationUITests;
			productReference = 65CAA4CE2B8E881900DD711B /* ApplicationUITests.xctest */;
			productType = "com.apple.product-type.bundle.ui-testing";
		};
/* End PBXNativeTarget section */

/* Begin PBXProject section */
		65CAA4A62B8E881700DD711B /* Project object */ = {
			isa = PBXProject;
			attributes = {
				BuildIndependentTargetsInParallel = 1;
				LastSwiftUpdateCheck = 1420;
				LastUpgradeCheck = 1420;
				TargetAttributes = {
					65CAA4AD2B8E881700DD711B = {
						CreatedOnToolsVersion = 14.2;
					};
					65CAA4C32B8E881900DD711B = {
						CreatedOnToolsVersion = 14.2;
						TestTargetID = 65CAA4AD2B8E881700DD711B;
					};
					65CAA4CD2B8E881900DD711B = {
						CreatedOnToolsVersion = 14.2;
						TestTargetID = 65CAA4AD2B8E881700DD711B;
					};
				};
			};
			buildConfigurationList = 65CAA4A92B8E881700DD711B /* Build configuration list for PBXProject "Application" */;
			compatibilityVersion = "Xcode 14.0";
			developmentRegion = en;
			hasScannedForEncodings = 0;
			knownRegions = (
				en,
				Base,
			);
			mainGroup = 65CAA4A52B8E881700DD711B;
			productRefGroup = 65CAA4AF2B8E881700DD711B /* Products */;
			projectDirPath = "";
			projectRoot = "";
			targets = (
				65CAA4AD2B8E881700DD711B /* Application */,
				65CAA4C32B8E881900DD711B /* ApplicationTests */,
				65CAA4CD2B8E881900DD711B /* ApplicationUITests */,
			);
		};
/* End PBXProject section */

/* Begin PBXResourcesBuildPhase section */
		65CAA4AC2B8E881700DD711B /* Resources */ = {
			isa = PBXResourcesBuildPhase;
			buildActionMask = 2147483647;
			files = (
				65CAA4BE2B8E881900DD711B /* LaunchScreen.storyboard in Resources */,
				65CAA4BB2B8E881900DD711B /* Assets.xcassets in Resources */,
				65CAA4B92B8E881700DD711B /* Main.storyboard in Resources */,
			);
			runOnlyForDeploymentPostprocessing = 0;
		};
		65CAA4C22B8E881900DD711B /* Resources */ = {
			isa = PBXResourcesBuildPhase;
			buildActionMask = 2147483647;
			files = (
			);
			runOnlyForDeploymentPostprocessing = 0;
		};
		65CAA4CC2B8E881900DD711B /* Resources */ = {
			isa = PBXResourcesBuildPhase;
			buildActionMask = 2147483647;
			files = (
			);
			runOnlyForDeploymentPostprocessing = 0;
		};
/* End PBXResourcesBuildPhase section */

/* Begin PBXSourcesBuildPhase section */
		65CAA4AA2B8E881700DD711B /* Sources */ = {
			isa = PBXSourcesBuildPhase;
			buildActionMask = 2147483647;
			files = (
				65CAA4B62B8E881700DD711B /* ViewController.swift in Sources */,
				65CAA4B22B8E881700DD711B /* AppDelegate.swift in Sources */,
				65CAA4B42B8E881700DD711B /* SceneDelegate.swift in Sources */,
			);
			runOnlyForDeploymentPostprocessing = 0;
		};
		65CAA4C02B8E881900DD711B /* Sources */ = {
			isa = PBXSourcesBuildPhase;
			buildActionMask = 2147483647;
			files = (
				65CAA4C92B8E881900DD711B /* ApplicationTests.swift in Sources */,
			);
			runOnlyForDeploymentPostprocessing = 0;
		};
		65CAA4CA2B8E881900DD711B /* Sources */ = {
			isa = PBXSourcesBuildPhase;
			buildActionMask = 2147483647;
			files = (
				65CAA4D32B8E881900DD711B /* ApplicationUITests.swift in Sources */,
				65CAA4D52B8E881900DD711B /* ApplicationUITestsLaunchTests.swift in Sources */,
			);
			runOnlyForDeploymentPostprocessing = 0;
		};
/* End PBXSourcesBuildPhase section */

/* Begin PBXTargetDependency section */
		65CAA4C62B8E881900DD711B /* PBXTargetDependency */ = {
			isa = PBXTargetDependency;
			target = 65CAA4AD2B8E881700DD711B /* Application */;
			targetProxy = 65CAA4C52B8E881900DD711B /* PBXContainerItemProxy */;
		};
		65CAA4D02B8E881900DD711B /* PBXTargetDependency */ = {
			isa = PBXTargetDependency;
			target = 65CAA4AD2B8E881700DD711B /* Application */;
			targetProxy = 65CAA4CF2B8E881900DD711B /* PBXContainerItemProxy */;
		};
/* End PBXTargetDependency section */

/* Begin PBXVariantGroup section */
		65CAA4B72B8E881700DD711B /* Main.storyboard */ = {
			isa = PBXVariantGroup;
			children = (
				65CAA4B82B8E881700DD711B /* Base */,
			);
			name = Main.storyboard;
			sourceTree = "<group>";
		};
		65CAA4BC2B8E881900DD711B /* LaunchScreen.storyboard */ = {
			isa = PBXVariantGroup;
			children = (
				65CAA4BD2B8E881900DD711B /* Base */,
			);
			name = LaunchScreen.storyboard;
			sourceTree = "<group>";
		};
/* End PBXVariantGroup section */

/* Begin XCBuildConfiguration section */
		65CAA4D62B8E881900DD711B /* Debug */ = {
			isa = XCBuildConfiguration;
			buildSettings = {
				ALWAYS_SEARCH_USER_PATHS = NO;
				CLANG_ANALYZER_NONNULL = YES;
				CLANG_ANALYZER_NUMBER_OBJECT_CONVERSION = YES_AGGRESSIVE;
				CLANG_CXX_LANGUAGE_STANDARD = "gnu++20";
				CLANG_ENABLE_MODULES = YES;
				CLANG_ENABLE_OBJC_ARC = YES;
				CLANG_ENABLE_OBJC_WEAK = YES;
				CLANG_WARN_BLOCK_CAPTURE_AUTORELEASING = YES;
				CLANG_WARN_BOOL_CONVERSION = YES;
				CLANG_WARN_COMMA = YES;
				CLANG_WARN_CONSTANT_CONVERSION = YES;
				CLANG_WARN_DEPRECATED_OBJC_IMPLEMENTATIONS = YES;
				CLANG_WARN_DIRECT_OBJC_ISA_USAGE = YES_ERROR;
				CLANG_WARN_DOCUMENTATION_COMMENTS = YES;
				CLANG_WARN_EMPTY_BODY = YES;
				CLANG_WARN_ENUM_CONVERSION = YES;
				CLANG_WARN_INFINITE_RECURSION = YES;
				CLANG_WARN_INT_CONVERSION = YES;
				CLANG_WARN_NON_LITERAL_NULL_CONVERSION = YES;
				CLANG_WARN_OBJC_IMPLICIT_RETAIN_SELF = YES;
				CLANG_WARN_OBJC_LITERAL_CONVERSION = YES;
				CLANG_WARN_OBJC_ROOT_CLASS = YES_ERROR;
				CLANG_WARN_QUOTED_INCLUDE_IN_FRAMEWORK_HEADER = YES;
				CLANG_WARN_RANGE_LOOP_ANALYSIS = YES;
				CLANG_WARN_STRICT_PROTOTYPES = YES;
				CLANG_WARN_SUSPICIOUS_MOVE = YES;
				CLANG_WARN_UNGUARDED_AVAILABILITY = YES_AGGRESSIVE;
				CLANG_WARN_UNREACHABLE_CODE = YES;
				CLANG_WARN__DUPLICATE_METHOD_MATCH = YES;
				COPY_PHASE_STRIP = NO;
				DEBUG_INFORMATION_FORMAT = dwarf;
				ENABLE_STRICT_OBJC_MSGSEND = YES;
				ENABLE_TESTABILITY = YES;
				GCC_C_LANGUAGE_STANDARD = gnu11;
				GCC_DYNAMIC_NO_PIC = NO;
				GCC_NO_COMMON_BLOCKS = YES;
				GCC_OPTIMIZATION_LEVEL = 0;
				GCC_PREPROCESSOR_DEFINITIONS = (
					"DEBUG=1",
					"$(inherited)",
				);
				GCC_WARN_64_TO_32_BIT_CONVERSION = YES;
				GCC_WARN_ABOUT_RETURN_TYPE = YES_ERROR;
				GCC_WARN_UNDECLARED_SELECTOR = YES;
				GCC_WARN_UNINITIALIZED_AUTOS = YES_AGGRESSIVE;
				GCC_WARN_UNUSED_FUNCTION = YES;
				GCC_WARN_UNUSED_VARIABLE = YES;
				IPHONEOS_DEPLOYMENT_TARGET = 16.2;
				MTL_ENABLE_DEBUG_INFO = INCLUDE_SOURCE;
				MTL_FAST_MATH = YES;
				ONLY_ACTIVE_ARCH = YES;
				SDKROOT = iphoneos;
				SWIFT_ACTIVE_COMPILATION_CONDITIONS = DEBUG;
				SWIFT_OPTIMIZATION_LEVEL = "-Onone";
			};
			name = Debug;
		};
		65CAA4D72B8E881900DD711B /* Release */ = {
			isa = XCBuildConfiguration;
			buildSettings = {
				ALWAYS_SEARCH_USER_PATHS = NO;
				CLANG_ANALYZER_NONNULL = YES;
				CLANG_ANALYZER_NUMBER_OBJECT_CONVERSION = YES_AGGRESSIVE;
				CLANG_CXX_LANGUAGE_STANDARD = "gnu++20";
				CLANG_ENABLE_MODULES = YES;
				CLANG_ENABLE_OBJC_ARC = YES;
				CLANG_ENABLE_OBJC_WEAK = YES;
				CLANG_WARN_BLOCK_CAPTURE_AUTORELEASING = YES;
				CLANG_WARN_BOOL_CONVERSION = YES;
				CLANG_WARN_COMMA = YES;
				CLANG_WARN_CONSTANT_CONVERSION = YES;
				CLANG_WARN_DEPRECATED_OBJC_IMPLEMENTATIONS = YES;
				CLANG_WARN_DIRECT_OBJC_ISA_USAGE = YES_ERROR;
				CLANG_WARN_DOCUMENTATION_COMMENTS = YES;
				CLANG_WARN_EMPTY_BODY = YES;
				CLANG_WARN_ENUM_CONVERSION = YES;
				CLANG_WARN_INFINITE_RECURSION = YES;
				CLANG_WARN_INT_CONVERSION = YES;
				CLANG_WARN_NON_LITERAL_NULL_CONVERSION = YES;
				CLANG_WARN_OBJC_IMPLICIT_RETAIN_SELF = YES;
				CLANG_WARN_OBJC_LITERAL_CONVERSION = YES;
				CLANG_WARN_OBJC_ROOT_CLASS = YES_ERROR;
				CLANG_WARN_QUOTED_INCLUDE_IN_FRAMEWORK_HEADER = YES;
				CLANG_WARN_RANGE_LOOP_ANALYSIS = YES;
				CLANG_WARN_STRICT_PROTOTYPES = YES;
				CLANG_WARN_SUSPICIOUS_MOVE = YES;
				CLANG_WARN_UNGUARDED_AVAILABILITY = YES_AGGRESSIVE;
				CLANG_WARN_UNREACHABLE_CODE = YES;
				CLANG_WARN__DUPLICATE_METHOD_MATCH = YES;
				COPY_PHASE_STRIP = NO;
				DEBUG_INFORMATION_FORMAT = "dwarf-with-dsym";
				ENABLE_NS_ASSERTIONS = NO;
				ENABLE_STRICT_OBJC_MSGSEND = YES;
				GCC_C_LANGUAGE_STANDARD = gnu11;
				GCC_NO_COMMON_BLOCKS = YES;
				GCC_WARN_64_TO_32_BIT_CONVERSION = YES;
				GCC_WARN_ABOUT_RETURN_TYPE = YES_ERROR;
				GCC_WARN_UNDECLARED_SELECTOR = YES;
				GCC_WARN_UNINITIALIZED_AUTOS = YES_AGGRESSIVE;
				GCC_WARN_UNUSED_FUNCTION = YES;
				GCC_WARN_UNUSED_VARIABLE = YES;
				IPHONEOS_DEPLOYMENT_TARGET = 16.2;
				MTL_ENABLE_DEBUG_INFO = NO;
				MTL_FAST_MATH = YES;
				SDKROOT = iphoneos;
				SWIFT_COMPILATION_MODE = wholemodule;
				SWIFT_OPTIMIZATION_LEVEL = "-O";
				VALIDATE_PRODUCT = YES;
			};
			name = Release;
		};
		65CAA4D92B8E881900DD711B /* Debug */ = {
			isa = XCBuildConfiguration;
			buildSettings = {
				ASSETCATALOG_COMPILER_APPICON_NAME = AppIcon;
				ASSETCATALOG_COMPILER_GLOBAL_ACCENT_COLOR_NAME = AccentColor;
				CODE_SIGN_STYLE = Automatic;
				CURRENT_PROJECT_VERSION = 1;
				GENERATE_INFOPLIST_FILE = YES;
				INFOPLIST_FILE = Application/Info.plist;
				INFOPLIST_KEY_UIApplicationSupportsIndirectInputEvents = YES;
				INFOPLIST_KEY_UILaunchStoryboardName = LaunchScreen;
				INFOPLIST_KEY_UIMainStoryboardFile = Main;
				INFOPLIST_KEY_UISupportedInterfaceOrientations_iPad = "UIInterfaceOrientationPortrait UIInterfaceOrientationPortraitUpsideDown UIInterfaceOrientationLandscapeLeft UIInterfaceOrientationLandscapeRight";
				INFOPLIST_KEY_UISupportedInterfaceOrientations_iPhone = "UIInterfaceOrientationPortrait UIInterfaceOrientationLandscapeLeft UIInterfaceOrientationLandscapeRight";
				LD_RUNPATH_SEARCH_PATHS = (
					"$(inherited)",
					"@executable_path/Frameworks",
				);
				MARKETING_VERSION = 1.0;
				PRODUCT_BUNDLE_IDENTIFIER = dev.nokee.samples.xcode.Application;
				PRODUCT_NAME = "$(TARGET_NAME)";
				SWIFT_EMIT_LOC_STRINGS = YES;
				SWIFT_VERSION = 5.0;
				TARGETED_DEVICE_FAMILY = "1,2";
			};
			name = Debug;
		};
		65CAA4DA2B8E881900DD711B /* Release */ = {
			isa = XCBuildConfiguration;
			buildSettings = {
				ASSETCATALOG_COMPILER_APPICON_NAME = AppIcon;
				ASSETCATALOG_COMPILER_GLOBAL_ACCENT_COLOR_NAME = AccentColor;
				CODE_SIGN_STYLE = Automatic;
				CURRENT_PROJECT_VERSION = 1;
				GENERATE_INFOPLIST_FILE = YES;
				INFOPLIST_FILE = Application/Info.plist;
				INFOPLIST_KEY_UIApplicationSupportsIndirectInputEvents = YES;
				INFOPLIST_KEY_UILaunchStoryboardName = LaunchScreen;
				INFOPLIST_KEY_UIMainStoryboardFile = Main;
				INFOPLIST_KEY_UISupportedInterfaceOrientations_iPad = "UIInterfaceOrientationPortrait UIInterfaceOrientationPortraitUpsideDown UIInterfaceOrientationLandscapeLeft UIInterfaceOrientationLandscapeRight";
				INFOPLIST_KEY_UISupportedInterfaceOrientations_iPhone = "UIInterfaceOrientationPortrait UIInterfaceOrientationLandscapeLeft UIInterfaceOrientationLandscapeRight";
				LD_RUNPATH_SEARCH_PATHS = (
					"$(inherited)",
					"@executable_path/Frameworks",
				);
				MARKETING_VERSION = 1.0;
				PRODUCT_BUNDLE_IDENTIFIER = dev.nokee.samples.xcode.Application;
				PRODUCT_NAME = "$(TARGET_NAME)";
				SWIFT_EMIT_LOC_STRINGS = YES;
				SWIFT_VERSION = 5.0;
				TARGETED_DEVICE_FAMILY = "1,2";
			};
			name = Release;
		};
		65CAA4DC2B8E881900DD711B /* Debug */ = {
			isa = XCBuildConfiguration;
			buildSettings = {
				ALWAYS_EMBED_SWIFT_STANDARD_LIBRARIES = YES;
				BUNDLE_LOADER = "$(TEST_HOST)";
				CODE_SIGN_STYLE = Automatic;
				CURRENT_PROJECT_VERSION = 1;
				GENERATE_INFOPLIST_FILE = YES;
				IPHONEOS_DEPLOYMENT_TARGET = 16.2;
				MARKETING_VERSION = 1.0;
				PRODUCT_BUNDLE_IDENTIFIER = dev.nokee.samples.xcode.ApplicationTests;
				PRODUCT_NAME = "$(TARGET_NAME)";
				SWIFT_EMIT_LOC_STRINGS = NO;
				SWIFT_VERSION = 5.0;
				TARGETED_DEVICE_FAMILY = "1,2";
				TEST_HOST = "$(BUILT_PRODUCTS_DIR)/Application.app/$(BUNDLE_EXECUTABLE_FOLDER_PATH)/Application";
			};
			name = Debug;
		};
		65CAA4DD2B8E881900DD711B /* Release */ = {
			isa = XCBuildConfiguration;
			buildSettings = {
				ALWAYS_EMBED_SWIFT_STANDARD_LIBRARIES = YES;
				BUNDLE_LOADER = "$(TEST_HOST)";
				CODE_SIGN_STYLE = Automatic;
				CURRENT_PROJECT_VERSION = 1;
				GENERATE_INFOPLIST_FILE = YES;
				IPHONEOS_DEPLOYMENT_TARGET = 16.2;
				MARKETING_VERSION = 1.0;
				PRODUCT_BUNDLE_IDENTIFIER = dev.nokee.samples.xcode.ApplicationTests;
				PRODUCT_NAME = "$(TARGET_NAME)";
				SWIFT_EMIT_LOC_STRINGS = NO;
				SWIFT_VERSION = 5.0;
				TARGETED_DEVICE_FAMILY = "1,2";
				TEST_HOST = "$(BUILT_PRODUCTS_DIR)/Application.app/$(BUNDLE_EXECUTABLE_FOLDER_PATH)/Application";
			};
			name = Release;
		};
		65CAA4DF2B8E881900DD711B /* Debug */ = {
			isa = XCBuildConfiguration;
			buildSettings = {
				ALWAYS_EMBED_SWIFT_STANDARD_LIBRARIES = YES;
				CODE_SIGN_STYLE = Automatic;
				CURRENT_PROJECT_VERSION = 1;
				GENERATE_INFOPLIST_FILE = YES;
				MARKETING_VERSION = 1.0;
				PRODUCT_BUNDLE_IDENTIFIER = dev.nokee.samples.xcode.ApplicationUITests;
				PRODUCT_NAME = "$(TARGET_NAME)";
				SWIFT_EMIT_LOC_STRINGS = NO;
				SWIFT_VERSION = 5.0;
				TARGETED_DEVICE_FAMILY = "1,2";
				TEST_TARGET_NAME = Application;
			};
			name = Debug;
		};
		65CAA4E02B8E881900DD711B /* Release */ = {
			isa = XCBuildConfiguration;
			buildSettings = {
				ALWAYS_EMBED_SWIFT_STANDARD_LIBRARIES = YES;
				CODE_SIGN_STYLE = Automatic;
				CURRENT_PROJECT_VERSION = 1;
				GENERATE_INFOPLIST_FILE = YES;
				MARKETING_VERSION = 1.0;
				PRODUCT_BUNDLE_IDENTIFIER = dev.nokee.samples.xcode.ApplicationUITests;
				PRODUCT_NAME = "$(TARGET_NAME)";
				SWIFT_EMIT_LOC_STRINGS = NO;
				SWIFT_VERSION = 5.0;
				TARGETED_DEVICE_FAMILY = "1,2";
				TEST_TARGET_NAME = Application;
			};
			name = Release;
		};
/* End XCBuildConfiguration section */

/* Begin XCConfigurationList section */
		65CAA4A92B8E881700DD711B /* Build configuration list for PBXProject "Application" */ = {
			isa = XCConfigurationList;
			buildConfigurations = (
				65CAA4D62B8E881900DD711B /* Debug */,
				65CAA4D72B8E881900DD711B /* Release */,
			);
			defaultConfigurationIsVisible = 0;
			defaultConfigurationName = Release;
		};
		65CAA4D82B8E881900DD711B /* Build configuration list for PBXNativeTarget "Application" */ = {
			isa = XCConfigurationList;
			buildConfigurations = (
				65CAA4D92B8E881900DD711B /* Debug */,
				65CAA4DA2B8E881900DD711B /* Release */,
			);
			defaultConfigurationIsVisible = 0;
			defaultConfigurationName = Release;
		};
		65CAA4DB2B8E881900DD711B /* Build configuration list for PBXNativeTarget "ApplicationTests" */ = {
			isa = XCConfigurationList;
			buildConfigurations = (
				65CAA4DC2B8E881900DD711B /* Debug */,
				65CAA4DD2B8E881900DD711B /* Release */,
			);
			defaultConfigurationIsVisible = 0;
			defaultConfigurationName = Release;
		};
		65CAA4DE2B8E881900DD711B /* Build configuration list for PBXNativeTarget "ApplicationUITests" */ = {
			isa = XCConfigurationList;
			buildConfigurations = (
				65CAA4DF2B8E881900DD711B /* Debug */,
				65CAA4E02B8E881900DD711B /* Release */,
			);
			defaultConfigurationIsVisible = 0;
			defaultConfigurationName = Release;
		};
/* End XCConfigurationList section */
	};
	rootObject = 65CAA4A62B8E881700DD711B /* Project object */;
}
